Microsoft Visual Studio Solution File, Format Version 12.00
# Visual Studio Version 17
VisualStudioVersion = 17.5.2.0
MinimumVisualStudioVersion = 10.0.40219.1
Project("{FAE04EC0-301F-11D3-BF4B-00C04F79EFBC}") = "DallEImageGenerationImageDemoV4", "DallEImageGenerationImageDemoV4.csproj", "{F6C2BFF9-D448-6758-7E77-48FCE6736B53}"
EndProject
Project("{2150E333-8FDC-42A3-9474-1A3956D46DE8}") = "Docs", "Docs", "{02EA681E-C7D8-13C7-8484-4AC65E1B71E8}"
	ProjectSection(SolutionItems) = preProject
		License.txt = License.txt
		Readme.md = Readme.md
	EndProjectSection
EndProject
Global
	GlobalSection(SolutionConfigurationPlatforms) = preSolution
		Debug|Any CPU = Debug|Any CPU
		Release|Any CPU = Release|Any CPU
	EndGlobalSection
	GlobalSection(ProjectConfigurationPlatforms) = postSolution
		{F6C2BFF9-D448-6758-7E77-48FCE6736B53}.Debug|Any CPU.ActiveCfg = Debug|Any CPU
		{F6C2BFF9-D448-6758-7E77-48FCE6736B53}.Debug|Any CPU.Build.0 = Debug|Any CPU
		{F6C2BFF9-D448-6758-7E77-48FCE6736B53}.Release|Any CPU.ActiveCfg = Release|Any CPU
		{F6C2BFF9-D448-6758-7E77-48FCE6736B53}.Release|Any CPU.Build.0 = Release|Any CPU
	EndGlobalSection
	GlobalSection(SolutionProperties) = preSolution
		HideSolutionNode = FALSE
	EndGlobalSection
	GlobalSection(ExtensibilityGlobals) = postSolution
		SolutionGuid = {CDD38432-6499-4C88-BDBA-F6120EA20A8B}
	EndGlobalSection
EndGlobal
